
Microsoft Visual Studio Solution File, Format Version 12.00
# Visual Studio 15
VisualStudioVersion = 15.0.28306.52
MinimumVisualStudioVersion = 10.0.40219.1
Project("{FAE04EC0-301F-11D3-BF4B-00C04F79EFBC}") = "SeURL", "SeURL\SeURL.csproj", "{BD8BD0A2-FCCA-4F39-B400-1E6609B4713C}"
EndProject
Global
	GlobalSection(SolutionConfigurationPlatforms) = preSolution
		Debug|Any CPU = Debug|Any CPU
		Release|Any CPU = Release|Any CPU
	EndGlobalSection
	GlobalSection(ProjectConfigurationPlatforms) = postSolution
		{BD8BD0A2-FCCA-4F39-B400-1E6609B4713C}.Debug|Any CPU.ActiveCfg = Debug|Any CPU
		{BD8BD0A2-FCCA-4F39-B400-1E6609B4713C}.Debug|Any CPU.Build.0 = Debug|Any CPU
		{BD8BD0A2-FCCA-4F39-B400-1E6609B4713C}.Release|Any CPU.ActiveCfg = Release|Any CPU
		{BD8BD0A2-FCCA-4F39-B400-1E6609B4713C}.Release|Any CPU.Build.0 = Release|Any CPU
	EndGlobalSection
	GlobalSection(SolutionProperties) = preSolution
		HideSolutionNode = FALSE
	EndGlobalSection
	GlobalSection(ExtensibilityGlobals) = postSolution
		SolutionGuid = {0234A8B1-0469-4665-AFF8-CC0D61856A4C}
	EndGlobalSection
EndGlobal
